<?xml version="1.0" encoding="utf-8"?>
<Project ToolsVersion="4.0" xmlns="http://schemas.microsoft.com/developer/msbuild/2003">
  <ItemGroup>
    <Filter Include="Framework">
      <UniqueIdentifier>{a34967d0-5624-47d3-a9f0-3d848e699a92}</UniqueIdentifier>
    </Filter>
    <Filter Include="Game">
      <UniqueIdentifier>{bb226f00-665a-44ad-8296-3ed5897ecfc2}</UniqueIdentifier>
    </Filter>
    <Filter Include="Game\Header Files">
      <UniqueIdentifier>{93995380-89BD-4b04-88EB-625FBE52EBFB}</UniqueIdentifier>
      <Extensions>h;hh;hpp;hxx;hm;inl;inc;xsd</Extensions>
    </Filter>
    <Filter Include="Game\Resource Files">
      <UniqueIdentifier>{67DA6AB6-F800-4c08-8B7A-83BB121AAD01}</UniqueIdentifier>
      <Extensions>rc;ico;cur;bmp;dlg;rc2;rct;bin;rgs;gif;jpg;jpeg;jpe;resx;tiff;tif;png;wav;mfcribbon-ms</Extensions>
    </Filter>
    <Filter Include="Game\Source Files">
      <UniqueIdentifier>{4FC737F1-C7A5-4376-A066-2A32D752A2FF}</UniqueIdentifier>
      <Extensions>cpp;c;cc;cxx;def;odl;idl;hpj;bat;asm;asmx</Extensions>
    </Filter>
    <Filter Include="Framework\Global">
      <UniqueIdentifier>{e7bd4a21-d988-4d64-b9fd-3a100d32a12c}</UniqueIdentifier>
    </Filter>
    <Filter Include="Framework\Windows">
      <UniqueIdentifier>{8683eb9a-631b-4c85-891f-d46c87b250be}</UniqueIdentifier>
    </Filter>
    <Filter Include="Framework\DirectX">
      <UniqueIdentifier>{15dee395-d4b0-4117-bd57-dec36f8c0154}</UniqueIdentifier>
    </Filter>
    <Filter Include="Framework\Event System">
      <UniqueIdentifier>{56cc7643-e3c5-47f6-835e-f517ebb35712}</UniqueIdentifier>
    </Filter>
    <Filter Include="Framework\Input/Output">
      <UniqueIdentifier>{d5526023-df34-4f2d-83c5-e2ad9366c5bd}</UniqueIdentifier>
    </Filter>
    <Filter Include="Framework\Input/Output\Input Devices">
      <UniqueIdentifier>{15107d80-7cdb-45c3-bd6c-a5c9eedd1dd4}</UniqueIdentifier>
    </Filter>
    <Filter Include="Framework\UI">
      <UniqueIdentifier>{20679725-429f-437d-8add-1de938ee97a2}</UniqueIdentifier>
    </Filter>
    <Filter Include="Game\Header Files\Game Manager">
      <UniqueIdentifier>{d42d5579-4cbd-4321-a022-0151913d6d67}</UniqueIdentifier>
    </Filter>
    <Filter Include="Game\Source Files\Game Manager">
      <UniqueIdentifier>{b740d87e-ca3f-4605-b7e1-ea2593d4d25d}</UniqueIdentifier>
    </Filter>
    <Filter Include="Game\Header Files\Utilities">
      <UniqueIdentifier>{7aa6ca4a-9d69-475c-9ba7-494a53028a15}</UniqueIdentifier>
    </Filter>
    <Filter Include="Game\Header Files\Graphics">
      <UniqueIdentifier>{1186a228-3680-474c-9d39-8aa85308e162}</UniqueIdentifier>
    </Filter>
    <Filter Include="Game\Source Files\Graphics">
      <UniqueIdentifier>{bff891a4-0d69-483e-a0b5-110dc4ae3adf}</UniqueIdentifier>
    </Filter>
  </ItemGroup>
  <ItemGroup>
    <ClInclude Include="Engine_Core.h">
      <Filter>Framework\Global</Filter>
    </ClInclude>
    <ClInclude Include="IGameObject.h">
      <Filter>Framework\Global</Filter>
    </ClInclude>
    <ClInclude Include="IRenderableObject.h">
      <Filter>Framework\Global</Filter>
    </ClInclude>
    <ClInclude Include="LogFile.h">
      <Filter>Framework\Global</Filter>
    </ClInclude>
    <ClInclude Include="Debug.h">
      <Filter>Framework\Global</Filter>
    </ClInclude>
    <ClInclude Include="Timer.h">
      <Filter>Framework\Global</Filter>
    </ClInclude>
    <ClInclude Include="Vector.h">
      <Filter>Framework\Global</Filter>
    </ClInclude>
    <ClInclude Include="stdafx.h">
      <Filter>Framework\Global</Filter>
    </ClInclude>
    <ClInclude Include="Direct3D.h">
      <Filter>Framework\DirectX</Filter>
    </ClInclude>
    <ClInclude Include="Texture.h">
      <Filter>Framework\DirectX</Filter>
    </ClInclude>
    <ClInclude Include="2DRenderManager.h">
      <Filter>Framework\DirectX</Filter>
    </ClInclude>
    <ClInclude Include="Event.h">
      <Filter>Framework\Event System</Filter>
    </ClInclude>
    <ClInclude Include="EventManager.h">
      <Filter>Framework\Event System</Filter>
    </ClInclude>
    <ClInclude Include="Delegate.h">
      <Filter>Framework\Event System</Filter>
    </ClInclude>
    <ClInclude Include="Font.h">
      <Filter>Framework\Input/Output</Filter>
    </ClInclude>
    <ClInclude Include="IInputDevice.h">
      <Filter>Framework\Input/Output\Input Devices</Filter>
    </ClInclude>
    <ClInclude Include="Keyboard.h">
      <Filter>Framework\Input/Output\Input Devices</Filter>
    </ClInclude>
    <ClInclude Include="InputManager.h">
      <Filter>Framework\Input/Output</Filter>
    </ClInclude>
    <ClInclude Include="UIManager.h">
      <Filter>Framework\UI</Filter>
    </ClInclude>
    <ClInclude Include="GameManager.h">
      <Filter>Game\Header Files\Game Manager</Filter>
    </ClInclude>
    <ClInclude Include="IEntity.h">
      <Filter>Game\Header Files\Utilities</Filter>
    </ClInclude>
    <ClInclude Include="Camera.h">
      <Filter>Game\Header Files\Graphics</Filter>
    </ClInclude>
    <ClInclude Include="EntityManager.h">
      <Filter>Game\Header Files\Graphics</Filter>
    </ClInclude>
    <ClInclude Include="Sprite.h">
      <Filter>Game\Header Files\Graphics</Filter>
    </ClInclude>
  </ItemGroup>
  <ItemGroup>
    <ClCompile Include="Engine_Core.cpp">
      <Filter>Framework\Global</Filter>
    </ClCompile>
    <ClCompile Include="Debug.cpp">
      <Filter>Framework\Global</Filter>
    </ClCompile>
    <ClCompile Include="LogFile.cpp">
      <Filter>Framework\Global</Filter>
    </ClCompile>
    <ClCompile Include="Timer.cpp">
      <Filter>Framework\Global</Filter>
    </ClCompile>
    <ClCompile Include="Vector.cpp">
      <Filter>Framework\Global</Filter>
    </ClCompile>
    <ClCompile Include="Windows.cpp">
      <Filter>Framework\Windows</Filter>
    </ClCompile>
    <ClCompile Include="Direct3D.cpp">
      <Filter>Framework\DirectX</Filter>
    </ClCompile>
    <ClCompile Include="Texture.cpp">
      <Filter>Framework\DirectX</Filter>
    </ClCompile>
    <ClCompile Include="Event.cpp">
      <Filter>Framework\Event System</Filter>
    </ClCompile>
    <ClCompile Include="EventManager.cpp">
      <Filter>Framework\Event System</Filter>
    </ClCompile>
    <ClCompile Include="InputManager.cpp">
      <Filter>Framework\Input/Output</Filter>
    </ClCompile>
    <ClCompile Include="Keyboard.cpp">
      <Filter>Framework\Input/Output\Input Devices</Filter>
    </ClCompile>
    <ClCompile Include="Font.cpp">
      <Filter>Framework\Input/Output</Filter>
    </ClCompile>
    <ClCompile Include="UIManager.cpp">
      <Filter>Framework\UI</Filter>
    </ClCompile>
    <ClCompile Include="GameManager.cpp">
      <Filter>Game\Source Files\Game Manager</Filter>
    </ClCompile>
    <ClCompile Include="Camera.cpp">
      <Filter>Game\Source Files\Graphics</Filter>
    </ClCompile>
    <ClCompile Include="EntityManager.cpp">
      <Filter>Game\Source Files\Graphics</Filter>
    </ClCompile>
    <ClCompile Include="Sprite.cpp">
      <Filter>Game\Source Files\Graphics</Filter>
    </ClCompile>
  </ItemGroup>
</Project>